
Microsoft Visual Studio Solution File, Format Version 12.00
# Visual Studio Version 17
VisualStudioVersion = 17.9.34902.65
MinimumVisualStudioVersion = 10.0.40219.1
Project("{FAE04EC0-301F-11D3-BF4B-00C04F79EFBC}") = "Uzduotis01", "Uzduotis01\Uzduotis01.csproj", "{B18E1112-19D9-4F1F-B2EC-04C6F3987178}"
EndProject
Global
	GlobalSection(SolutionConfigurationPlatforms) = preSolution
		Debug|Any CPU = Debug|Any CPU
		Release|Any CPU = Release|Any CPU
	EndGlobalSection
	GlobalSection(ProjectConfigurationPlatforms) = postSolution
		{B18E1112-19D9-4F1F-B2EC-04C6F3987178}.Debug|Any CPU.ActiveCfg = Debug|Any CPU
		{B18E1112-19D9-4F1F-B2EC-04C6F3987178}.Debug|Any CPU.Build.0 = Debug|Any CPU
		{B18E1112-19D9-4F1F-B2EC-04C6F3987178}.Release|Any CPU.ActiveCfg = Release|Any CPU
		{B18E1112-19D9-4F1F-B2EC-04C6F3987178}.Release|Any CPU.Build.0 = Release|Any CPU
	EndGlobalSection
	GlobalSection(SolutionProperties) = preSolution
		HideSolutionNode = FALSE
	EndGlobalSection
	GlobalSection(ExtensibilityGlobals) = postSolution
		SolutionGuid = {85869AC5-B8F9-4270-AEA7-BCFD766AC55C}
	EndGlobalSection
EndGlobal
